{
  "lib\\aave-address-book": {
    "tag": {
      "name": "v4.66.4",
      "rev": "09a66451e85dfaf056d2ce16fb1f226f3bd0dcd9"
    }
  },
  "lib\\forge-std": {
    "tag": {
      "name": "v1.16.2",
      "rev": "bf647bd6046f2f7da30d0c2bf435e5c76a780c1b"
    }
  },
  "lib\\openzeppelin-contracts": {
    "tag": {
      "name": "v5.6.1",
      "rev": "5fd1781b1454fd1ef8e722282f86f9293cacf256"
    }
  }
}